
Microsoft Visual Studio Solution File, Format Version 12.00
# Visual Studio Version 17
VisualStudioVersion = 17.4.33213.308
MinimumVisualStudioVersion = 10.0.40219.1
Project("{FAE04EC0-301F-11D3-BF4B-00C04F79EFBC}") = "MonitoringBatchService", "MonitoringBatchService\MonitoringBatchService.csproj", "{64CB8E05-5DB2-4272-80E9-99E0076137F4}"
EndProject
Project("{FAE04EC0-301F-11D3-BF4B-00C04F79EFBC}") = "MonitoringBatchServiceTest", "MonitoringBatchServiceTest\MonitoringBatchServiceTest.csproj", "{C702FDF3-CD68-4DB1-960F-21E97012185C}"
EndProject
Project("{FAE04EC0-301F-11D3-BF4B-00C04F79EFBC}") = "BatchingFileWatcher", "BatchingFileWatcher\BatchingFileWatcher.csproj", "{DE8FBCBB-E4FF-4376-8D4A-E1F0D404EA73}"
EndProject
Project("{FAE04EC0-301F-11D3-BF4B-00C04F79EFBC}") = "AF.DAL.NETCORE", "AF.DAL.NETCORE\AF.DAL.NETCORE.csproj", "{28518642-110B-4DC8-A4D7-55148E7E9FC1}"
EndProject
Global
	GlobalSection(SolutionConfigurationPlatforms) = preSolution
		Debug|Any CPU = Debug|Any CPU
		Release|Any CPU = Release|Any CPU
	EndGlobalSection
	GlobalSection(ProjectConfigurationPlatforms) = postSolution
		{64CB8E05-5DB2-4272-80E9-99E0076137F4}.Debug|Any CPU.ActiveCfg = Debug|Any CPU
		{64CB8E05-5DB2-4272-80E9-99E0076137F4}.Debug|Any CPU.Build.0 = Debug|Any CPU
		{64CB8E05-5DB2-4272-80E9-99E0076137F4}.Release|Any CPU.ActiveCfg = Release|Any CPU
		{64CB8E05-5DB2-4272-80E9-99E0076137F4}.Release|Any CPU.Build.0 = Release|Any CPU
		{C702FDF3-CD68-4DB1-960F-21E97012185C}.Debug|Any CPU.ActiveCfg = Debug|Any CPU
		{C702FDF3-CD68-4DB1-960F-21E97012185C}.Debug|Any CPU.Build.0 = Debug|Any CPU
		{C702FDF3-CD68-4DB1-960F-21E97012185C}.Release|Any CPU.ActiveCfg = Release|Any CPU
		{C702FDF3-CD68-4DB1-960F-21E97012185C}.Release|Any CPU.Build.0 = Release|Any CPU
		{DE8FBCBB-E4FF-4376-8D4A-E1F0D404EA73}.Debug|Any CPU.ActiveCfg = Debug|Any CPU
		{DE8FBCBB-E4FF-4376-8D4A-E1F0D404EA73}.Debug|Any CPU.Build.0 = Debug|Any CPU
		{DE8FBCBB-E4FF-4376-8D4A-E1F0D404EA73}.Release|Any CPU.ActiveCfg = Release|Any CPU
		{DE8FBCBB-E4FF-4376-8D4A-E1F0D404EA73}.Release|Any CPU.Build.0 = Release|Any CPU
		{28518642-110B-4DC8-A4D7-55148E7E9FC1}.Debug|Any CPU.ActiveCfg = Debug|Any CPU
		{28518642-110B-4DC8-A4D7-55148E7E9FC1}.Debug|Any CPU.Build.0 = Debug|Any CPU
		{28518642-110B-4DC8-A4D7-55148E7E9FC1}.Release|Any CPU.ActiveCfg = Release|Any CPU
		{28518642-110B-4DC8-A4D7-55148E7E9FC1}.Release|Any CPU.Build.0 = Release|Any CPU
	EndGlobalSection
	GlobalSection(SolutionProperties) = preSolution
		HideSolutionNode = FALSE
	EndGlobalSection
	GlobalSection(ExtensibilityGlobals) = postSolution
		SolutionGuid = {F3A1CEF4-DA47-4026-85D1-E17E928A5E2E}
	EndGlobalSection
EndGlobal
